
Microsoft Visual Studio Solution File, Format Version 12.00
# Visual Studio Version 17
VisualStudioVersion = 17.5.33516.290
MinimumVisualStudioVersion = 10.0.40219.1
Project("{F184B08F-C81C-45F6-A57F-5ABD9991F28F}") = "Percobaan", "Percobaan\Percobaan.vbproj", "{D03291B0-B7BF-4568-B054-9774ADCD9B35}"
EndProject
Global
	GlobalSection(SolutionConfigurationPlatforms) = preSolution
		Debug|Any CPU = Debug|Any CPU
		Release|Any CPU = Release|Any CPU
	EndGlobalSection
	GlobalSection(ProjectConfigurationPlatforms) = postSolution
		{D03291B0-B7BF-4568-B054-9774ADCD9B35}.Debug|Any CPU.ActiveCfg = Debug|Any CPU
		{D03291B0-B7BF-4568-B054-9774ADCD9B35}.Debug|Any CPU.Build.0 = Debug|Any CPU
		{D03291B0-B7BF-4568-B054-9774ADCD9B35}.Release|Any CPU.ActiveCfg = Release|Any CPU
		{D03291B0-B7BF-4568-B054-9774ADCD9B35}.Release|Any CPU.Build.0 = Release|Any CPU
	EndGlobalSection
	GlobalSection(SolutionProperties) = preSolution
		HideSolutionNode = FALSE
	EndGlobalSection
	GlobalSection(ExtensibilityGlobals) = postSolution
		SolutionGuid = {8F1C7345-FF48-4483-A304-5CF779A8EDB1}
	EndGlobalSection
EndGlobal
