
Microsoft Visual Studio Solution File, Format Version 12.00
# Visual Studio Version 17
VisualStudioVersion = 17.5.33516.290
MinimumVisualStudioVersion = 10.0.40219.1
Project("{F184B08F-C81C-45F6-A57F-5ABD9991F28F}") = "Konversi_nilai", "Konversi_nilai\Konversi_nilai.vbproj", "{6569803C-800F-460B-A7E0-CDA8E7108104}"
EndProject
Global
	GlobalSection(SolutionConfigurationPlatforms) = preSolution
		Debug|Any CPU = Debug|Any CPU
		Release|Any CPU = Release|Any CPU
	EndGlobalSection
	GlobalSection(ProjectConfigurationPlatforms) = postSolution
		{6569803C-800F-460B-A7E0-CDA8E7108104}.Debug|Any CPU.ActiveCfg = Debug|Any CPU
		{6569803C-800F-460B-A7E0-CDA8E7108104}.Debug|Any CPU.Build.0 = Debug|Any CPU
		{6569803C-800F-460B-A7E0-CDA8E7108104}.Release|Any CPU.ActiveCfg = Release|Any CPU
		{6569803C-800F-460B-A7E0-CDA8E7108104}.Release|Any CPU.Build.0 = Release|Any CPU
	EndGlobalSection
	GlobalSection(SolutionProperties) = preSolution
		HideSolutionNode = FALSE
	EndGlobalSection
	GlobalSection(ExtensibilityGlobals) = postSolution
		SolutionGuid = {79476CE2-243A-4FB7-B65E-CD1900DE3CD2}
	EndGlobalSection
EndGlobal
